
Microsoft Visual Studio Solution File, Format Version 12.00
# Visual Studio 15
VisualStudioVersion = 15.0.27428.2011
MinimumVisualStudioVersion = 10.0.40219.1
Project("{FAE04EC0-301F-11D3-BF4B-00C04F79EFBC}") = "Service", "Service\Service.csproj", "{6F404284-6C89-445B-9F8C-95038C79033E}"
EndProject
Project("{FAE04EC0-301F-11D3-BF4B-00C04F79EFBC}") = "Hosting", "Hosting\Hosting.csproj", "{F9FD4732-563D-4998-9A93-C04AFB3D8CB5}"
EndProject
Global
	GlobalSection(SolutionConfigurationPlatforms) = preSolution
		Debug|Any CPU = Debug|Any CPU
		Release|Any CPU = Release|Any CPU
	EndGlobalSection
	GlobalSection(ProjectConfigurationPlatforms) = postSolution
		{6F404284-6C89-445B-9F8C-95038C79033E}.Debug|Any CPU.ActiveCfg = Debug|Any CPU
		{6F404284-6C89-445B-9F8C-95038C79033E}.Debug|Any CPU.Build.0 = Debug|Any CPU
		{6F404284-6C89-445B-9F8C-95038C79033E}.Release|Any CPU.ActiveCfg = Release|Any CPU
		{6F404284-6C89-445B-9F8C-95038C79033E}.Release|Any CPU.Build.0 = Release|Any CPU
		{F9FD4732-563D-4998-9A93-C04AFB3D8CB5}.Debug|Any CPU.ActiveCfg = Debug|Any CPU
		{F9FD4732-563D-4998-9A93-C04AFB3D8CB5}.Debug|Any CPU.Build.0 = Debug|Any CPU
		{F9FD4732-563D-4998-9A93-C04AFB3D8CB5}.Release|Any CPU.ActiveCfg = Release|Any CPU
		{F9FD4732-563D-4998-9A93-C04AFB3D8CB5}.Release|Any CPU.Build.0 = Release|Any CPU
	EndGlobalSection
	GlobalSection(SolutionProperties) = preSolution
		HideSolutionNode = FALSE
	EndGlobalSection
	GlobalSection(ExtensibilityGlobals) = postSolution
		SolutionGuid = {7CD3FD82-2AA8-449D-BDFA-AB9B8369CF62}
	EndGlobalSection
EndGlobal
